
Microsoft Visual Studio Solution File, Format Version 12.00
# Visual Studio Version 16
VisualStudioVersion = 16.0.30011.22
MinimumVisualStudioVersion = 10.0.40219.1
Project("{FAE04EC0-301F-11D3-BF4B-00C04F79EFBC}") = "AzureBoardsMigration", "AzureBoardsMigration.csproj", "{DD19CD3A-8AD2-4936-9AD0-C31326833652}"
EndProject
Global
	GlobalSection(SolutionConfigurationPlatforms) = preSolution
		Debug|Any CPU = Debug|Any CPU
		Release|Any CPU = Release|Any CPU
	EndGlobalSection
	GlobalSection(ProjectConfigurationPlatforms) = postSolution
		{DD19CD3A-8AD2-4936-9AD0-C31326833652}.Debug|Any CPU.ActiveCfg = Debug|Any CPU
		{DD19CD3A-8AD2-4936-9AD0-C31326833652}.Debug|Any CPU.Build.0 = Debug|Any CPU
		{DD19CD3A-8AD2-4936-9AD0-C31326833652}.Release|Any CPU.ActiveCfg = Release|Any CPU
		{DD19CD3A-8AD2-4936-9AD0-C31326833652}.Release|Any CPU.Build.0 = Release|Any CPU
	EndGlobalSection
	GlobalSection(SolutionProperties) = preSolution
		HideSolutionNode = FALSE
	EndGlobalSection
	GlobalSection(ExtensibilityGlobals) = postSolution
		SolutionGuid = {508CC276-FA96-4AAD-8A75-3ACDE5769D6F}
	EndGlobalSection
EndGlobal
